
Microsoft Visual Studio Solution File, Format Version 12.00
# Visual Studio 15
VisualStudioVersion = 15.0.28307.438
MinimumVisualStudioVersion = 10.0.40219.1
Project("{8BC9CEB8-8B4A-11D0-8D11-00A0C91BC942}") = "DoitC10_ShiftBitOperator", "DoitC10_ShiftBitOperator\DoitC10_ShiftBitOperator.vcxproj", "{098C7828-082C-4E49-B2C1-0A57462E7FC4}"
EndProject
Global
	GlobalSection(SolutionConfigurationPlatforms) = preSolution
		Debug|x64 = Debug|x64
		Debug|x86 = Debug|x86
		Release|x64 = Release|x64
		Release|x86 = Release|x86
	EndGlobalSection
	GlobalSection(ProjectConfigurationPlatforms) = postSolution
		{098C7828-082C-4E49-B2C1-0A57462E7FC4}.Debug|x64.ActiveCfg = Debug|x64
		{098C7828-082C-4E49-B2C1-0A57462E7FC4}.Debug|x64.Build.0 = Debug|x64
		{098C7828-082C-4E49-B2C1-0A57462E7FC4}.Debug|x86.ActiveCfg = Debug|Win32
		{098C7828-082C-4E49-B2C1-0A57462E7FC4}.Debug|x86.Build.0 = Debug|Win32
		{098C7828-082C-4E49-B2C1-0A57462E7FC4}.Release|x64.ActiveCfg = Release|x64
		{098C7828-082C-4E49-B2C1-0A57462E7FC4}.Release|x64.Build.0 = Release|x64
		{098C7828-082C-4E49-B2C1-0A57462E7FC4}.Release|x86.ActiveCfg = Release|Win32
		{098C7828-082C-4E49-B2C1-0A57462E7FC4}.Release|x86.Build.0 = Release|Win32
	EndGlobalSection
	GlobalSection(SolutionProperties) = preSolution
		HideSolutionNode = FALSE
	EndGlobalSection
	GlobalSection(ExtensibilityGlobals) = postSolution
		SolutionGuid = {2CD24CB2-CE25-4FB0-A3D4-E46A761D1015}
	EndGlobalSection
EndGlobal
