
Microsoft Visual Studio Solution File, Format Version 12.00
# Visual Studio 15
VisualStudioVersion = 15.0.28307.572
MinimumVisualStudioVersion = 10.0.40219.1
Project("{888888A0-9F3D-457C-B088-3A5042F75D52}") = "DS_STUDY", "DS_STUDY\DS_STUDY.pyproj", "{053CCA55-53F2-45BA-A034-DFB734531B71}"
EndProject
Global
	GlobalSection(SolutionConfigurationPlatforms) = preSolution
		Debug|Any CPU = Debug|Any CPU
		Release|Any CPU = Release|Any CPU
	EndGlobalSection
	GlobalSection(ProjectConfigurationPlatforms) = postSolution
		{053CCA55-53F2-45BA-A034-DFB734531B71}.Debug|Any CPU.ActiveCfg = Debug|Any CPU
		{053CCA55-53F2-45BA-A034-DFB734531B71}.Release|Any CPU.ActiveCfg = Release|Any CPU
	EndGlobalSection
	GlobalSection(SolutionProperties) = preSolution
		HideSolutionNode = FALSE
	EndGlobalSection
	GlobalSection(ExtensibilityGlobals) = postSolution
		SolutionGuid = {5C9182EE-50A1-42B6-A02A-711B85D1F5FD}
	EndGlobalSection
EndGlobal
