
Microsoft Visual Studio Solution File, Format Version 12.00
# Visual Studio 15
VisualStudioVersion = 15.0.28307.438
MinimumVisualStudioVersion = 10.0.40219.1
Project("{8BC9CEB8-8B4A-11D0-8D11-00A0C91BC942}") = "DoitC13_Pointer", "DoitC13_Pointer\DoitC13_Pointer.vcxproj", "{332ED8A7-77B8-451D-A167-8BE30B21FC7C}"
EndProject
Global
	GlobalSection(SolutionConfigurationPlatforms) = preSolution
		Debug|x64 = Debug|x64
		Debug|x86 = Debug|x86
		Release|x64 = Release|x64
		Release|x86 = Release|x86
	EndGlobalSection
	GlobalSection(ProjectConfigurationPlatforms) = postSolution
		{332ED8A7-77B8-451D-A167-8BE30B21FC7C}.Debug|x64.ActiveCfg = Debug|x64
		{332ED8A7-77B8-451D-A167-8BE30B21FC7C}.Debug|x64.Build.0 = Debug|x64
		{332ED8A7-77B8-451D-A167-8BE30B21FC7C}.Debug|x86.ActiveCfg = Debug|Win32
		{332ED8A7-77B8-451D-A167-8BE30B21FC7C}.Debug|x86.Build.0 = Debug|Win32
		{332ED8A7-77B8-451D-A167-8BE30B21FC7C}.Release|x64.ActiveCfg = Release|x64
		{332ED8A7-77B8-451D-A167-8BE30B21FC7C}.Release|x64.Build.0 = Release|x64
		{332ED8A7-77B8-451D-A167-8BE30B21FC7C}.Release|x86.ActiveCfg = Release|Win32
		{332ED8A7-77B8-451D-A167-8BE30B21FC7C}.Release|x86.Build.0 = Release|Win32
	EndGlobalSection
	GlobalSection(SolutionProperties) = preSolution
		HideSolutionNode = FALSE
	EndGlobalSection
	GlobalSection(ExtensibilityGlobals) = postSolution
		SolutionGuid = {A7496028-712E-46E1-983B-E5E7CDEA6109}
	EndGlobalSection
EndGlobal
