
Microsoft Visual Studio Solution File, Format Version 12.00
# Visual Studio 15
VisualStudioVersion = 15.0.28307.438
MinimumVisualStudioVersion = 10.0.40219.1
Project("{8BC9CEB8-8B4A-11D0-8D11-00A0C91BC942}") = "KNKingC5_BasicTypes", "KNKingC5_BasicTypes\KNKingC5_BasicTypes.vcxproj", "{4410F3B5-B132-4A84-9B18-08C9F886CBB2}"
EndProject
Global
	GlobalSection(SolutionConfigurationPlatforms) = preSolution
		Debug|x64 = Debug|x64
		Debug|x86 = Debug|x86
		Release|x64 = Release|x64
		Release|x86 = Release|x86
	EndGlobalSection
	GlobalSection(ProjectConfigurationPlatforms) = postSolution
		{4410F3B5-B132-4A84-9B18-08C9F886CBB2}.Debug|x64.ActiveCfg = Debug|x64
		{4410F3B5-B132-4A84-9B18-08C9F886CBB2}.Debug|x64.Build.0 = Debug|x64
		{4410F3B5-B132-4A84-9B18-08C9F886CBB2}.Debug|x86.ActiveCfg = Debug|Win32
		{4410F3B5-B132-4A84-9B18-08C9F886CBB2}.Debug|x86.Build.0 = Debug|Win32
		{4410F3B5-B132-4A84-9B18-08C9F886CBB2}.Release|x64.ActiveCfg = Release|x64
		{4410F3B5-B132-4A84-9B18-08C9F886CBB2}.Release|x64.Build.0 = Release|x64
		{4410F3B5-B132-4A84-9B18-08C9F886CBB2}.Release|x86.ActiveCfg = Release|Win32
		{4410F3B5-B132-4A84-9B18-08C9F886CBB2}.Release|x86.Build.0 = Release|Win32
	EndGlobalSection
	GlobalSection(SolutionProperties) = preSolution
		HideSolutionNode = FALSE
	EndGlobalSection
	GlobalSection(ExtensibilityGlobals) = postSolution
		SolutionGuid = {B13A930F-5B18-47E1-8969-97370BBD0E54}
	EndGlobalSection
EndGlobal
